// !$*UTF8*$!
{
	archiveVersion = 1;
	classes = {
	};
	objectVersion = 50;
	objects = {

/* Begin PBXBuildFile section */
		19B0FD1E23F591540028EEF1 /* AppDelegate.swift in Sources */ = {isa = PBXBuildFile; fileRef = 19B0FD1D23F591540028EEF1 /* AppDelegate.swift */; };
		19B0FD2023F591540028EEF1 /* ViewController.swift in Sources */ = {isa = PBXBuildFile; fileRef = 19B0FD1F23F591540028EEF1 /* ViewController.swift */; };
		19B0FD2323F591540028EEF1 /* Main.storyboard in Resources */ = {isa = PBXBuildFile; fileRef = 19B0FD2123F591540028EEF1 /* Main.storyboard */; };
		19B0FD2523F591580028EEF1 /* Assets.xcassets in Resources */ = {isa = PBXBuildFile; fileRef = 19B0FD2423F591580028EEF1 /* Assets.xcassets */; };
		19B0FD2823F591580028EEF1 /* LaunchScreen.storyboard in Resources */ = {isa = PBXBuildFile; fileRef = 19B0FD2623F591580028EEF1 /* LaunchScreen.storyboard */; };
		19B0FD3323F591580028EEF1 /* KotlinIOSTests.swift in Sources */ = {isa = PBXBuildFile; fileRef = 19B0FD3223F591580028EEF1 /* KotlinIOSTests.swift */; };
		19B0FD3E23F591580028EEF1 /* KotlinIOSUITests.swift in Sources */ = {isa = PBXBuildFile; fileRef = 19B0FD3D23F591580028EEF1 /* KotlinIOSUITests.swift */; };
		19BB72A723F91D8800B3E7C0 /* SharedModule.framework in Frameworks */ = {isa = PBXBuildFile; fileRef = 19BB72A623F91D8800B3E7C0 /* SharedModule.framework */; };
		19BB72A823F91E5400B3E7C0 /* SharedModule.framework in Embed Frameworks */ = {isa = PBXBuildFile; fileRef = 19BB72A623F91D8800B3E7C0 /* SharedModule.framework */; settings = {ATTRIBUTES = (CodeSignOnCopy, RemoveHeadersOnCopy, ); }; };
/* End PBXBuildFile section */

/* Begin PBXContainerItemProxy section */
		19B0FD2F23F591580028EEF1 /* PBXContainerItemProxy */ = {
			isa = PBXContainerItemProxy;
			containerPortal = 19B0FD1223F591540028EEF1 /* Project object */;
			proxyType = 1;
			remoteGlobalIDString = 19B0FD1923F591540028EEF1;
			remoteInfo = KotlinIOS;
		};
		19B0FD3A23F591580028EEF1 /* PBXContainerItemProxy */ = {
			isa = PBXContainerItemProxy;
			containerPortal = 19B0FD1223F591540028EEF1 /* Project object */;
			proxyType = 1;
			remoteGlobalIDString = 19B0FD1923F591540028EEF1;
			remoteInfo = KotlinIOS;
		};
/* End PBXContainerItemProxy section */

/* Begin PBXCopyFilesBuildPhase section */
		19B0FD5B23F911AD0028EEF1 /* Embed Frameworks */ = {
			isa = PBXCopyFilesBuildPhase;
			buildActionMask = 2147483647;
			dstPath = "";
			dstSubfolderSpec = 10;
			files = (
				19BB72A823F91E5400B3E7C0 /* SharedModule.framework in Embed Frameworks */,
			);
			name = "Embed Frameworks";
			runOnlyForDeploymentPostprocessing = 0;
		};
/* End PBXCopyFilesBuildPhase section */

/* Begin PBXFileReference section */
		19B0FD1A23F591540028EEF1 /* KotlinIOS.app */ = {isa = PBXFileReference; explicitFileType = wrapper.application; includeInIndex = 0; path = KotlinIOS.app; sourceTree = BUILT_PRODUCTS_DIR; };
		19B0FD1D23F591540028EEF1 /* AppDelegate.swift */ = {isa = PBXFileReference; lastKnownFileType = sourcecode.swift; path = AppDelegate.swift; sourceTree = "<group>"; };
		19B0FD1F23F591540028EEF1 /* ViewController.swift */ = {isa = PBXFileReference; lastKnownFileType = sourcecode.swift; path = ViewController.swift; sourceTree = "<group>"; };
		19B0FD2223F591540028EEF1 /* Base */ = {isa = PBXFileReference; lastKnownFileType = file.storyboard; name = Base; path = Base.lproj/Main.storyboard; sourceTree = "<group>"; };
		19B0FD2423F591580028EEF1 /* Assets.xcassets */ = {isa = PBXFileReference; lastKnownFileType = folder.assetcatalog; path = Assets.xcassets; sourceTree = "<group>"; };
		19B0FD2723F591580028EEF1 /* Base */ = {isa = PBXFileReference; lastKnownFileType = file.storyboard; name = Base; path = Base.lproj/LaunchScreen.storyboard; sourceTree = "<group>"; };
		19B0FD2923F591580028EEF1 /* Info.plist */ = {isa = PBXFileReference; lastKnownFileType = text.plist.xml; path = Info.plist; sourceTree = "<group>"; };
		19B0FD2E23F591580028EEF1 /* KotlinIOSTests.xctest */ = {isa = PBXFileReference; explicitFileType = wrapper.cfbundle; includeInIndex = 0; path = KotlinIOSTests.xctest; sourceTree = BUILT_PRODUCTS_DIR; };
		19B0FD3223F591580028EEF1 /* KotlinIOSTests.swift */ = {isa = PBXFileReference; lastKnownFileType = sourcecode.swift; path = KotlinIOSTests.swift; sourceTree = "<group>"; };
		19B0FD3423F591580028EEF1 /* Info.plist */ = {isa = PBXFileReference; lastKnownFileType = text.plist.xml; path = Info.plist; sourceTree = "<group>"; };
		19B0FD3923F591580028EEF1 /* KotlinIOSUITests.xctest */ = {isa = PBXFileReference; explicitFileType = wrapper.cfbundle; includeInIndex = 0; path = KotlinIOSUITests.xctest; sourceTree = BUILT_PRODUCTS_DIR; };
		19B0FD3D23F591580028EEF1 /* KotlinIOSUITests.swift */ = {isa = PBXFileReference; lastKnownFileType = sourcecode.swift; path = KotlinIOSUITests.swift; sourceTree = "<group>"; };
		19B0FD3F23F591580028EEF1 /* Info.plist */ = {isa = PBXFileReference; lastKnownFileType = text.plist.xml; path = Info.plist; sourceTree = "<group>"; };
		19BB72A623F91D8800B3E7C0 /* SharedModule.framework */ = {isa = PBXFileReference; lastKnownFileType = wrapper.framework; name = SharedModule.framework; path = "../../SharedModule/build/xcode-frameworks/SharedModule.framework"; sourceTree = "<group>"; };
/* End PBXFileReference section */

/* Begin PBXFrameworksBuildPhase section */
		19B0FD1723F591540028EEF1 /* Frameworks */ = {
			isa = PBXFrameworksBuildPhase;
			buildActionMask = 2147483647;
			files = (
				19BB72A723F91D8800B3E7C0 /* SharedModule.framework in Frameworks */,
			);
			runOnlyForDeploymentPostprocessing = 0;
		};
		19B0FD2B23F591580028EEF1 /* Frameworks */ = {
			isa = PBXFrameworksBuildPhase;
			buildActionMask = 2147483647;
			files = (
			);
			runOnlyForDeploymentPostprocessing = 0;
		};
		19B0FD3623F591580028EEF1 /* Frameworks */ = {
			isa = PBXFrameworksBuildPhase;
			buildActionMask = 2147483647;
			files = (
			);
			runOnlyForDeploymentPostprocessing = 0;
		};
/* End PBXFrameworksBuildPhase section */

/* Begin PBXGroup section */
		19B0FD1123F591540028EEF1 = {
			isa = PBXGroup;
			children = (
				19BB72A623F91D8800B3E7C0 /* SharedModule.framework */,
				19B0FD1C23F591540028EEF1 /* KotlinIOS */,
				19B0FD3123F591580028EEF1 /* KotlinIOSTests */,
				19B0FD3C23F591580028EEF1 /* KotlinIOSUITests */,
				19B0FD1B23F591540028EEF1 /* Products */,
			);
			sourceTree = "<group>";
		};
		19B0FD1B23F591540028EEF1 /* Products */ = {
			isa = PBXGroup;
			children = (
				19B0FD1A23F591540028EEF1 /* KotlinIOS.app */,
				19B0FD2E23F591580028EEF1 /* KotlinIOSTests.xctest */,
				19B0FD3923F591580028EEF1 /* KotlinIOSUITests.xctest */,
			);
			name = Products;
			sourceTree = "<group>";
		};
		19B0FD1C23F591540028EEF1 /* KotlinIOS */ = {
			isa = PBXGroup;
			children = (
				19B0FD1D23F591540028EEF1 /* AppDelegate.swift */,
				19B0FD1F23F591540028EEF1 /* ViewController.swift */,
				19B0FD2123F591540028EEF1 /* Main.storyboard */,
				19B0FD2423F591580028EEF1 /* Assets.xcassets */,
				19B0FD2623F591580028EEF1 /* LaunchScreen.storyboard */,
				19B0FD2923F591580028EEF1 /* Info.plist */,
			);
			path = KotlinIOS;
			sourceTree = "<group>";
		};
		19B0FD3123F591580028EEF1 /* KotlinIOSTests */ = {
			isa = PBXGroup;
			children = (
				19B0FD3223F591580028EEF1 /* KotlinIOSTests.swift */,
				19B0FD3423F591580028EEF1 /* Info.plist */,
			);
			path = KotlinIOSTests;
			sourceTree = "<group>";
		};
		19B0FD3C23F591580028EEF1 /* KotlinIOSUITests */ = {
			isa = PBXGroup;
			children = (
				19B0FD3D23F591580028EEF1 /* KotlinIOSUITests.swift */,
				19B0FD3F23F591580028EEF1 /* Info.plist */,
			);
			path = KotlinIOSUITests;
			sourceTree = "<group>";
		};
/* End PBXGroup section */

/* Begin PBXNativeTarget section */
		19B0FD1923F591540028EEF1 /* KotlinIOS */ = {
			isa = PBXNativeTarget;
			buildConfigurationList = 19B0FD4223F591580028EEF1 /* Build configuration list for PBXNativeTarget "KotlinIOS" */;
			buildPhases = (
				19B0FD1623F591540028EEF1 /* Sources */,
				19B0FD1723F591540028EEF1 /* Frameworks */,
				19B0FD1823F591540028EEF1 /* Resources */,
				19B0FD5B23F911AD0028EEF1 /* Embed Frameworks */,
				19BB72A923F91E7700B3E7C0 /* ShellScript */,
			);
			buildRules = (
			);
			dependencies = (
			);
			name = KotlinIOS;
			productName = KotlinIOS;
			productReference = 19B0FD1A23F591540028EEF1 /* KotlinIOS.app */;
			productType = "com.apple.product-type.application";
		};
		19B0FD2D23F591580028EEF1 /* KotlinIOSTests */ = {
			isa = PBXNativeTarget;
			buildConfigurationList = 19B0FD4523F591580028EEF1 /* Build configuration list for PBXNativeTarget "KotlinIOSTests" */;
			buildPhases = (
				19B0FD2A23F591580028EEF1 /* Sources */,
				19B0FD2B23F591580028EEF1 /* Frameworks */,
				19B0FD2C23F591580028EEF1 /* Resources */,
			);
			buildRules = (
			);
			dependencies = (
				19B0FD3023F591580028EEF1 /* PBXTargetDependency */,
			);
			name = KotlinIOSTests;
			productName = KotlinIOSTests;
			productReference = 19B0FD2E23F591580028EEF1 /* KotlinIOSTests.xctest */;
			productType = "com.apple.product-type.bundle.unit-test";
		};
		19B0FD3823F591580028EEF1 /* KotlinIOSUITests */ = {
			isa = PBXNativeTarget;
			buildConfigurationList = 19B0FD4823F591580028EEF1 /* Build configuration list for PBXNativeTarget "KotlinIOSUITests" */;
			buildPhases = (
				19B0FD3523F591580028EEF1 /* Sources */,
				19B0FD3623F591580028EEF1 /* Frameworks */,
				19B0FD3723F591580028EEF1 /* Resources */,
			);
			buildRules = (
			);
			dependencies = (
				19B0FD3B23F591580028EEF1 /* PBXTargetDependency */,
			);
			name = KotlinIOSUITests;
			productName = KotlinIOSUITests;
			productReference = 19B0FD3923F591580028EEF1 /* KotlinIOSUITests.xctest */;
			productType = "com.apple.product-type.bundle.ui-testing";
		};
/* End PBXNativeTarget section */

/* Begin PBXProject section */
		19B0FD1223F591540028EEF1 /* Project object */ = {
			isa = PBXProject;
			attributes = {
				LastSwiftUpdateCheck = 1030;
				LastUpgradeCheck = 1030;
				ORGANIZATIONNAME = alx;
				TargetAttributes = {
					19B0FD1923F591540028EEF1 = {
						CreatedOnToolsVersion = 10.3;
					};
					19B0FD2D23F591580028EEF1 = {
						CreatedOnToolsVersion = 10.3;
						TestTargetID = 19B0FD1923F591540028EEF1;
					};
					19B0FD3823F591580028EEF1 = {
						CreatedOnToolsVersion = 10.3;
						TestTargetID = 19B0FD1923F591540028EEF1;
					};
				};
			};
			buildConfigurationList = 19B0FD1523F591540028EEF1 /* Build configuration list for PBXProject "KotlinIOS" */;
			compatibilityVersion = "Xcode 9.3";
			developmentRegion = en;
			hasScannedForEncodings = 0;
			knownRegions = (
				en,
				Base,
			);
			mainGroup = 19B0FD1123F591540028EEF1;
			productRefGroup = 19B0FD1B23F591540028EEF1 /* Products */;
			projectDirPath = "";
			projectRoot = "";
			targets = (
				19B0FD1923F591540028EEF1 /* KotlinIOS */,
				19B0FD2D23F591580028EEF1 /* KotlinIOSTests */,
				19B0FD3823F591580028EEF1 /* KotlinIOSUITests */,
			);
		};
/* End PBXProject section */

/* Begin PBXResourcesBuildPhase section */
		19B0FD1823F591540028EEF1 /* Resources */ = {
			isa = PBXResourcesBuildPhase;
			buildActionMask = 2147483647;
			files = (
				19B0FD2823F591580028EEF1 /* LaunchScreen.storyboard in Resources */,
				19B0FD2523F591580028EEF1 /* Assets.xcassets in Resources */,
				19B0FD2323F591540028EEF1 /* Main.storyboard in Resources */,
			);
			runOnlyForDeploymentPostprocessing = 0;
		};
		19B0FD2C23F591580028EEF1 /* Resources */ = {
			isa = PBXResourcesBuildPhase;
			buildActionMask = 2147483647;
			files = (
			);
			runOnlyForDeploymentPostprocessing = 0;
		};
		19B0FD3723F591580028EEF1 /* Resources */ = {
			isa = PBXResourcesBuildPhase;
			buildActionMask = 2147483647;
			files = (
			);
			runOnlyForDeploymentPostprocessing = 0;
		};
/* End PBXResourcesBuildPhase section */

/* Begin PBXShellScriptBuildPhase section */
		19BB72A923F91E7700B3E7C0 /* ShellScript */ = {
			isa = PBXShellScriptBuildPhase;
			buildActionMask = 2147483647;
			files = (
			);
			inputFileListPaths = (
			);
			inputPaths = (
			);
			outputFileListPaths = (
			);
			outputPaths = (
			);
			runOnlyForDeploymentPostprocessing = 0;
			shellPath = /bin/sh;
			shellScript = "cd \"$SRCROOT/../../SharedModule/build/xcode-frameworks\"\n./gradlew :SharedModule:packForXCode -PXCODE_CONFIGURATION=${CONFIGURATION}\n";
		};
/* End PBXShellScriptBuildPhase section */

/* Begin PBXSourcesBuildPhase section */
		19B0FD1623F591540028EEF1 /* Sources */ = {
			isa = PBXSourcesBuildPhase;
			buildActionMask = 2147483647;
			files = (
				19B0FD2023F591540028EEF1 /* ViewController.swift in Sources */,
				19B0FD1E23F591540028EEF1 /* AppDelegate.swift in Sources */,
			);
			runOnlyForDeploymentPostprocessing = 0;
		};
		19B0FD2A23F591580028EEF1 /* Sources */ = {
			isa = PBXSourcesBuildPhase;
			buildActionMask = 2147483647;
			files = (
				19B0FD3323F591580028EEF1 /* KotlinIOSTests.swift in Sources */,
			);
			runOnlyForDeploymentPostprocessing = 0;
		};
		19B0FD3523F591580028EEF1 /* Sources */ = {
			isa = PBXSourcesBuildPhase;
			buildActionMask = 2147483647;
			files = (
				19B0FD3E23F591580028EEF1 /* KotlinIOSUITests.swift in Sources */,
			);
			runOnlyForDeploymentPostprocessing = 0;
		};
/* End PBXSourcesBuildPhase section */

/* Begin PBXTargetDependency section */
		19B0FD3023F591580028EEF1 /* PBXTargetDependency */ = {
			isa = PBXTargetDependency;
			target = 19B0FD1923F591540028EEF1 /* KotlinIOS */;
			targetProxy = 19B0FD2F23F591580028EEF1 /* PBXContainerItemProxy */;
		};
		19B0FD3B23F591580028EEF1 /* PBXTargetDependency */ = {
			isa = PBXTargetDependency;
			target = 19B0FD1923F591540028EEF1 /* KotlinIOS */;
			targetProxy = 19B0FD3A23F591580028EEF1 /* PBXContainerItemProxy */;
		};
/* End PBXTargetDependency section */

/* Begin PBXVariantGroup section */
		19B0FD2123F591540028EEF1 /* Main.storyboard */ = {
			isa = PBXVariantGroup;
			children = (
				19B0FD2223F591540028EEF1 /* Base */,
			);
			name = Main.storyboard;
			sourceTree = "<group>";
		};
		19B0FD2623F591580028EEF1 /* LaunchScreen.storyboard */ = {
			isa = PBXVariantGroup;
			children = (
				19B0FD2723F591580028EEF1 /* Base */,
			);
			name = LaunchScreen.storyboard;
			sourceTree = "<group>";
		};
/* End PBXVariantGroup section */

/* Begin XCBuildConfiguration section */
		19B0FD4023F591580028EEF1 /* Debug */ = {
			isa = XCBuildConfiguration;
			buildSettings = {
				ALWAYS_SEARCH_USER_PATHS = NO;
				CLANG_ANALYZER_NONNULL = YES;
				CLANG_ANALYZER_NUMBER_OBJECT_CONVERSION = YES_AGGRESSIVE;
				CLANG_CXX_LANGUAGE_STANDARD = "gnu++14";
				CLANG_CXX_LIBRARY = "libc++";
				CLANG_ENABLE_MODULES = YES;
				CLANG_ENABLE_OBJC_ARC = YES;
				CLANG_ENABLE_OBJC_WEAK = YES;
				CLANG_WARN_BLOCK_CAPTURE_AUTORELEASING = YES;
				CLANG_WARN_BOOL_CONVERSION = YES;
				CLANG_WARN_COMMA = YES;
				CLANG_WARN_CONSTANT_CONVERSION = YES;
				CLANG_WARN_DEPRECATED_OBJC_IMPLEMENTATIONS = YES;
				CLANG_WARN_DIRECT_OBJC_ISA_USAGE = YES_ERROR;
				CLANG_WARN_DOCUMENTATION_COMMENTS = YES;
				CLANG_WARN_EMPTY_BODY = YES;
				CLANG_WARN_ENUM_CONVERSION = YES;
				CLANG_WARN_INFINITE_RECURSION = YES;
				CLANG_WARN_INT_CONVERSION = YES;
				CLANG_WARN_NON_LITERAL_NULL_CONVERSION = YES;
				CLANG_WARN_OBJC_IMPLICIT_RETAIN_SELF = YES;
				CLANG_WARN_OBJC_LITERAL_CONVERSION = YES;
				CLANG_WARN_OBJC_ROOT_CLASS = YES_ERROR;
				CLANG_WARN_RANGE_LOOP_ANALYSIS = YES;
				CLANG_WARN_STRICT_PROTOTYPES = YES;
				CLANG_WARN_SUSPICIOUS_MOVE = YES;
				CLANG_WARN_UNGUARDED_AVAILABILITY = YES_AGGRESSIVE;
				CLANG_WARN_UNREACHABLE_CODE = YES;
				CLANG_WARN__DUPLICATE_METHOD_MATCH = YES;
				CODE_SIGN_IDENTITY = "iPhone Developer";
				COPY_PHASE_STRIP = NO;
				DEBUG_INFORMATION_FORMAT = dwarf;
				ENABLE_STRICT_OBJC_MSGSEND = YES;
				ENABLE_TESTABILITY = YES;
				GCC_C_LANGUAGE_STANDARD = gnu11;
				GCC_DYNAMIC_NO_PIC = NO;
				GCC_NO_COMMON_BLOCKS = YES;
				GCC_OPTIMIZATION_LEVEL = 0;
				GCC_PREPROCESSOR_DEFINITIONS = (
					"DEBUG=1",
					"$(inherited)",
				);
				GCC_WARN_64_TO_32_BIT_CONVERSION = YES;
				GCC_WARN_ABOUT_RETURN_TYPE = YES_ERROR;
				GCC_WARN_UNDECLARED_SELECTOR = YES;
				GCC_WARN_UNINITIALIZED_AUTOS = YES_AGGRESSIVE;
				GCC_WARN_UNUSED_FUNCTION = YES;
				GCC_WARN_UNUSED_VARIABLE = YES;
				IPHONEOS_DEPLOYMENT_TARGET = 12.4;
				MTL_ENABLE_DEBUG_INFO = INCLUDE_SOURCE;
				MTL_FAST_MATH = YES;
				ONLY_ACTIVE_ARCH = YES;
				SDKROOT = iphoneos;
				SWIFT_ACTIVE_COMPILATION_CONDITIONS = DEBUG;
				SWIFT_OPTIMIZATION_LEVEL = "-Onone";
			};
			name = Debug;
		};
		19B0FD4123F591580028EEF1 /* Release */ = {
			isa = XCBuildConfiguration;
			buildSettings = {
				ALWAYS_SEARCH_USER_PATHS = NO;
				CLANG_ANALYZER_NONNULL = YES;
				CLANG_ANALYZER_NUMBER_OBJECT_CONVERSION = YES_AGGRESSIVE;
				CLANG_CXX_LANGUAGE_STANDARD = "gnu++14";
				CLANG_CXX_LIBRARY = "libc++";
				CLANG_ENABLE_MODULES = YES;
				CLANG_ENABLE_OBJC_ARC = YES;
				CLANG_ENABLE_OBJC_WEAK = YES;
				CLANG_WARN_BLOCK_CAPTURE_AUTORELEASING = YES;
				CLANG_WARN_BOOL_CONVERSION = YES;
				CLANG_WARN_COMMA = YES;
				CLANG_WARN_CONSTANT_CONVERSION = YES;
				CLANG_WARN_DEPRECATED_OBJC_IMPLEMENTATIONS = YES;
				CLANG_WARN_DIRECT_OBJC_ISA_USAGE = YES_ERROR;
				CLANG_WARN_DOCUMENTATION_COMMENTS = YES;
				CLANG_WARN_EMPTY_BODY = YES;
				CLANG_WARN_ENUM_CONVERSION = YES;
				CLANG_WARN_INFINITE_RECURSION = YES;
				CLANG_WARN_INT_CONVERSION = YES;
				CLANG_WARN_NON_LITERAL_NULL_CONVERSION = YES;
				CLANG_WARN_OBJC_IMPLICIT_RETAIN_SELF = YES;
				CLANG_WARN_OBJC_LITERAL_CONVERSION = YES;
				CLANG_WARN_OBJC_ROOT_CLASS = YES_ERROR;
				CLANG_WARN_RANGE_LOOP_ANALYSIS = YES;
				CLANG_WARN_STRICT_PROTOTYPES = YES;
				CLANG_WARN_SUSPICIOUS_MOVE = YES;
				CLANG_WARN_UNGUARDED_AVAILABILITY = YES_AGGRESSIVE;
				CLANG_WARN_UNREACHABLE_CODE = YES;
				CLANG_WARN__DUPLICATE_METHOD_MATCH = YES;
				CODE_SIGN_IDENTITY = "iPhone Developer";
				COPY_PHASE_STRIP = NO;
				DEBUG_INFORMATION_FORMAT = "dwarf-with-dsym";
				ENABLE_NS_ASSERTIONS = NO;
				ENABLE_STRICT_OBJC_MSGSEND = YES;
				GCC_C_LANGUAGE_STANDARD = gnu11;
				GCC_NO_COMMON_BLOCKS = YES;
				GCC_WARN_64_TO_32_BIT_CONVERSION = YES;
				GCC_WARN_ABOUT_RETURN_TYPE = YES_ERROR;
				GCC_WARN_UNDECLARED_SELECTOR = YES;
				GCC_WARN_UNINITIALIZED_AUTOS = YES_AGGRESSIVE;
				GCC_WARN_UNUSED_FUNCTION = YES;
				GCC_WARN_UNUSED_VARIABLE = YES;
				IPHONEOS_DEPLOYMENT_TARGET = 12.4;
				MTL_ENABLE_DEBUG_INFO = NO;
				MTL_FAST_MATH = YES;
				SDKROOT = iphoneos;
				SWIFT_COMPILATION_MODE = wholemodule;
				SWIFT_OPTIMIZATION_LEVEL = "-O";
				VALIDATE_PRODUCT = YES;
			};
			name = Release;
		};
		19B0FD4323F591580028EEF1 /* Debug */ = {
			isa = XCBuildConfiguration;
			buildSettings = {
				ASSETCATALOG_COMPILER_APPICON_NAME = AppIcon;
				CODE_SIGN_STYLE = Automatic;
				FRAMEWORK_SEARCH_PATHS = "\"$(SRCROOT)/../../SharedModule/build/xcode-frameworks\"/**";
				INFOPLIST_FILE = KotlinIOS/Info.plist;
				LD_RUNPATH_SEARCH_PATHS = (
					"$(inherited)",
					"@executable_path/Frameworks",
				);
				PRODUCT_BUNDLE_IDENTIFIER = com.alx.KotlinIOS;
				PRODUCT_NAME = "$(TARGET_NAME)";
				SWIFT_VERSION = 5.0;
				TARGETED_DEVICE_FAMILY = "1,2";
			};
			name = Debug;
		};
		19B0FD4423F591580028EEF1 /* Release */ = {
			isa = XCBuildConfiguration;
			buildSettings = {
				ASSETCATALOG_COMPILER_APPICON_NAME = AppIcon;
				CODE_SIGN_STYLE = Automatic;
				FRAMEWORK_SEARCH_PATHS = "\"$(SRCROOT)/../../SharedModule/build/xcode-frameworks\"/**";
				INFOPLIST_FILE = KotlinIOS/Info.plist;
				LD_RUNPATH_SEARCH_PATHS = (
					"$(inherited)",
					"@executable_path/Frameworks",
				);
				PRODUCT_BUNDLE_IDENTIFIER = com.alx.KotlinIOS;
				PRODUCT_NAME = "$(TARGET_NAME)";
				SWIFT_VERSION = 5.0;
				TARGETED_DEVICE_FAMILY = "1,2";
			};
			name = Release;
		};
		19B0FD4623F591580028EEF1 /* Debug */ = {
			isa = XCBuildConfiguration;
			buildSettings = {
				ALWAYS_EMBED_SWIFT_STANDARD_LIBRARIES = YES;
				BUNDLE_LOADER = "$(TEST_HOST)";
				CODE_SIGN_STYLE = Automatic;
				INFOPLIST_FILE = KotlinIOSTests/Info.plist;
				LD_RUNPATH_SEARCH_PATHS = (
					"$(inherited)",
					"@executable_path/Frameworks",
					"@loader_path/Frameworks",
				);
				PRODUCT_BUNDLE_IDENTIFIER = com.alx.KotlinIOSTests;
				PRODUCT_NAME = "$(TARGET_NAME)";
				SWIFT_VERSION = 5.0;
				TARGETED_DEVICE_FAMILY = "1,2";
				TEST_HOST = "$(BUILT_PRODUCTS_DIR)/KotlinIOS.app/KotlinIOS";
			};
			name = Debug;
		};
		19B0FD4723F591580028EEF1 /* Release */ = {
			isa = XCBuildConfiguration;
			buildSettings = {
				ALWAYS_EMBED_SWIFT_STANDARD_LIBRARIES = YES;
				BUNDLE_LOADER = "$(TEST_HOST)";
				CODE_SIGN_STYLE = Automatic;
				INFOPLIST_FILE = KotlinIOSTests/Info.plist;
				LD_RUNPATH_SEARCH_PATHS = (
					"$(inherited)",
					"@executable_path/Frameworks",
					"@loader_path/Frameworks",
				);
				PRODUCT_BUNDLE_IDENTIFIER = com.alx.KotlinIOSTests;
				PRODUCT_NAME = "$(TARGET_NAME)";
				SWIFT_VERSION = 5.0;
				TARGETED_DEVICE_FAMILY = "1,2";
				TEST_HOST = "$(BUILT_PRODUCTS_DIR)/KotlinIOS.app/KotlinIOS";
			};
			name = Release;
		};
		19B0FD4923F591580028EEF1 /* Debug */ = {
			isa = XCBuildConfiguration;
			buildSettings = {
				ALWAYS_EMBED_SWIFT_STANDARD_LIBRARIES = YES;
				CODE_SIGN_STYLE = Automatic;
				INFOPLIST_FILE = KotlinIOSUITests/Info.plist;
				LD_RUNPATH_SEARCH_PATHS = (
					"$(inherited)",
					"@executable_path/Frameworks",
					"@loader_path/Frameworks",
				);
				PRODUCT_BUNDLE_IDENTIFIER = com.alx.KotlinIOSUITests;
				PRODUCT_NAME = "$(TARGET_NAME)";
				SWIFT_VERSION = 5.0;
				TARGETED_DEVICE_FAMILY = "1,2";
				TEST_TARGET_NAME = KotlinIOS;
			};
			name = Debug;
		};
		19B0FD4A23F591580028EEF1 /* Release */ = {
			isa = XCBuildConfiguration;
			buildSettings = {
				ALWAYS_EMBED_SWIFT_STANDARD_LIBRARIES = YES;
				CODE_SIGN_STYLE = Automatic;
				INFOPLIST_FILE = KotlinIOSUITests/Info.plist;
				LD_RUNPATH_SEARCH_PATHS = (
					"$(inherited)",
					"@executable_path/Frameworks",
					"@loader_path/Frameworks",
				);
				PRODUCT_BUNDLE_IDENTIFIER = com.alx.KotlinIOSUITests;
				PRODUCT_NAME = "$(TARGET_NAME)";
				SWIFT_VERSION = 5.0;
				TARGETED_DEVICE_FAMILY = "1,2";
				TEST_TARGET_NAME = KotlinIOS;
			};
			name = Release;
		};
/* End XCBuildConfiguration section */

/* Begin XCConfigurationList section */
		19B0FD1523F591540028EEF1 /* Build configuration list for PBXProject "KotlinIOS" */ = {
			isa = XCConfigurationList;
			buildConfigurations = (
				19B0FD4023F591580028EEF1 /* Debug */,
				19B0FD4123F591580028EEF1 /* Release */,
			);
			defaultConfigurationIsVisible = 0;
			defaultConfigurationName = Release;
		};
		19B0FD4223F591580028EEF1 /* Build configuration list for PBXNativeTarget "KotlinIOS" */ = {
			isa = XCConfigurationList;
			buildConfigurations = (
				19B0FD4323F591580028EEF1 /* Debug */,
				19B0FD4423F591580028EEF1 /* Release */,
			);
			defaultConfigurationIsVisible = 0;
			defaultConfigurationName = Release;
		};
		19B0FD4523F591580028EEF1 /* Build configuration list for PBXNativeTarget "KotlinIOSTests" */ = {
			isa = XCConfigurationList;
			buildConfigurations = (
				19B0FD4623F591580028EEF1 /* Debug */,
				19B0FD4723F591580028EEF1 /* Release */,
			);
			defaultConfigurationIsVisible = 0;
			defaultConfigurationName = Release;
		};
		19B0FD4823F591580028EEF1 /* Build configuration list for PBXNativeTarget "KotlinIOSUITests" */ = {
			isa = XCConfigurationList;
			buildConfigurations = (
				19B0FD4923F591580028EEF1 /* Debug */,
				19B0FD4A23F591580028EEF1 /* Release */,
			);
			defaultConfigurationIsVisible = 0;
			defaultConfigurationName = Release;
		};
/* End XCConfigurationList section */
	};
	rootObject = 19B0FD1223F591540028EEF1 /* Project object */;
}
